{
    "_readme": [
        "This file locks the dependencies of your project to a known state",
        "Read more about it at https://getcomposer.org/doc/01-basic-usage.md#installing-dependencies",
        "This file is @generated automatically"
    ],
    "content-hash": "18a271e8ba70db53008fe10eef02418f",
    "packages": [
        {
            "name": "predis/predis",
            "version": "v2.4.1",
            "source": {
                "type": "git",
                "url": "https://github.com/predis/predis.git",
                "reference": "07105e050622ed80bd60808367ced9e379f31530"
            },
            "dist": {
                "type": "zip",
                "url": "https://api.github.com/repos/predis/predis/zipball/07105e050622ed80bd60808367ced9e379f31530",
                "reference": "07105e050622ed80bd60808367ced9e379f31530",
                "shasum": ""
            },
            "require": {
                "php": "^7.2 || ^8.0"
            },
            "require-dev": {
                "friendsofphp/php-cs-fixer": "^3.3",
                "phpstan/phpstan": "^1.9",
                "phpunit/phpcov": "^6.0 || ^8.0",
                "phpunit/phpunit": "^8.0 || ^9.4"
            },
            "suggest": {
                "ext-relay": "Faster connection with in-memory caching (>=0.6.2)"
            },
            "type": "library",
            "autoload": {
                "psr-4": {
                    "Predis\\": "src/"
                }
            },
            "notification-url": "https://packagist.org/downloads/",
            "license": [
                "MIT"
            ],
            "authors": [
                {
                    "name": "Till Krüss",
                    "homepage": "https://till.im",
                    "role": "Maintainer"
                }
            ],
            "description": "A flexible and feature-complete Redis/Valkey client for PHP.",
            "homepage": "http://github.com/predis/predis",
            "keywords": [
                "nosql",
                "predis",
                "redis"
            ],
            "support": {
                "issues": "https://github.com/predis/predis/issues",
                "source": "https://github.com/predis/predis/tree/v2.4.1"
            },
            "funding": [
                {
                    "url": "https://github.com/sponsors/tillkruss",
                    "type": "github"
                }
            ],
            "time": "2025-11-12T18:00:11+00:00"
        },
        {
            "name": "psr/cache",
            "version": "3.0.0",
            "source": {
                "type": "git",
                "url": "https://github.com/php-fig/cache.git",
                "reference": "aa5030cfa5405eccfdcb1083ce040c2cb8d253bf"
            },
            "dist": {
                "type": "zip",
                "url": "https://api.github.com/repos/php-fig/cache/zipball/aa5030cfa5405eccfdcb1083ce040c2cb8d253bf",
                "reference": "aa5030cfa5405eccfdcb1083ce040c2cb8d253bf",
                "shasum": ""
            },
            "require": {
                "php": ">=8.0.0"
            },
            "type": "library",
            "extra": {
                "branch-alias": {
                    "dev-master": "1.0.x-dev"
                }
            },
            "autoload": {
                "psr-4": {
                    "Psr\\Cache\\": "src/"
                }
            },
            "notification-url": "https://packagist.org/downloads/",
            "license": [
                "MIT"
            ],
            "authors": [
                {
                    "name": "PHP-FIG",
                    "homepage": "https://www.php-fig.org/"
                }
            ],
            "description": "Common interface for caching libraries",
            "keywords": [
                "cache",
                "psr",
                "psr-6"
            ],
            "support": {
                "source": "https://github.com/php-fig/cache/tree/3.0.0"
            },
            "time": "2021-02-03T23:26:27+00:00"
        },
        {
            "name": "psr/container",
            "version": "2.0.2",
            "source": {
                "type": "git",
                "url": "https://github.com/php-fig/container.git",
                "reference": "c71ecc56dfe541dbd90c5360474fbc405f8d5963"
            },
            "dist": {
                "type": "zip",
                "url": "https://api.github.com/repos/php-fig/container/zipball/c71ecc56dfe541dbd90c5360474fbc405f8d5963",
                "reference": "c71ecc56dfe541dbd90c5360474fbc405f8d5963",
                "shasum": ""
            },
            "require": {
                "php": ">=7.4.0"
            },
            "type": "library",
            "extra": {
                "branch-alias": {
                    "dev-master": "2.0.x-dev"
                }
            },
            "autoload": {
                "psr-4": {
                    "Psr\\Container\\": "src/"
                }
            },
            "notification-url": "https://packagist.org/downloads/",
            "license": [
                "MIT"
            ],
            "authors": [
                {
                    "name": "PHP-FIG",
                    "homepage": "https://www.php-fig.org/"
                }
            ],
            "description": "Common Container Interface (PHP FIG PSR-11)",
            "homepage": "https://github.com/php-fig/container",
            "keywords": [
                "PSR-11",
                "container",
                "container-interface",
                "container-interop",
                "psr"
            ],
            "support": {
                "issues": "https://github.com/php-fig/container/issues",
                "source": "https://github.com/php-fig/container/tree/2.0.2"
            },
            "time": "2021-11-05T16:47:00+00:00"
        },
        {
            "name": "psr/event-dispatcher",
            "version": "1.0.0",
            "source": {
                "type": "git",
                "url": "https://github.com/php-fig/event-dispatcher.git",
                "reference": "dbefd12671e8a14ec7f180cab83036ed26714bb0"
            },
            "dist": {
                "type": "zip",
                "url": "https://api.github.com/repos/php-fig/event-dispatcher/zipball/dbefd12671e8a14ec7f180cab83036ed26714bb0",
                "reference": "dbefd12671e8a14ec7f180cab83036ed26714bb0",
                "shasum": ""
            },
            "require": {
                "php": ">=7.2.0"
            },
            "type": "library",
            "extra": {
                "branch-alias": {
                    "dev-master": "1.0.x-dev"
                }
            },
            "autoload": {
                "psr-4": {
                    "Psr\\EventDispatcher\\": "src/"
                }
            },
            "notification-url": "https://packagist.org/downloads/",
            "license": [
                "MIT"
            ],
            "authors": [
                {
                    "name": "PHP-FIG",
                    "homepage": "http://www.php-fig.org/"
                }
            ],
            "description": "Standard interfaces for event handling.",
            "keywords": [
                "events",
                "psr",
                "psr-14"
            ],
            "support": {
                "issues": "https://github.com/php-fig/event-dispatcher/issues",
                "source": "https://github.com/php-fig/event-dispatcher/tree/1.0.0"
            },
            "time": "2019-01-08T18:20:26+00:00"
        },
        {
            "name": "psr/http-client",
            "version": "1.0.3",
            "source": {
                "type": "git",
                "url": "https://github.com/php-fig/http-client.git",
                "reference": "bb5906edc1c324c9a05aa0873d40117941e5fa90"
            },
            "dist": {
                "type": "zip",
                "url": "https://api.github.com/repos/php-fig/http-client/zipball/bb5906edc1c324c9a05aa0873d40117941e5fa90",
                "reference": "bb5906edc1c324c9a05aa0873d40117941e5fa90",
                "shasum": ""
            },
            "require": {
                "php": "^7.0 || ^8.0",
                "psr/http-message": "^1.0 || ^2.0"
            },
            "type": "library",
            "extra": {
                "branch-alias": {
                    "dev-master": "1.0.x-dev"
                }
            },
            "autoload": {
                "psr-4": {
                    "Psr\\Http\\Client\\": "src/"
                }
            },
            "notification-url": "https://packagist.org/downloads/",
            "license": [
                "MIT"
            ],
            "authors": [
                {
                    "name": "PHP-FIG",
                    "homepage": "https://www.php-fig.org/"
                }
            ],
            "description": "Common interface for HTTP clients",
            "homepage": "https://github.com/php-fig/http-client",
            "keywords": [
                "http",
                "http-client",
                "psr",
                "psr-18"
            ],
            "support": {
                "source": "https://github.com/php-fig/http-client"
            },
            "time": "2023-09-23T14:17:50+00:00"
        },
        {
            "name": "psr/http-factory",
            "version": "1.1.0",
            "source": {
                "type": "git",
                "url": "https://github.com/php-fig/http-factory.git",
                "reference": "2b4765fddfe3b508ac62f829e852b1501d3f6e8a"
            },
            "dist": {
                "type": "zip",
                "url": "https://api.github.com/repos/php-fig/http-factory/zipball/2b4765fddfe3b508ac62f829e852b1501d3f6e8a",
                "reference": "2b4765fddfe3b508ac62f829e852b1501d3f6e8a",
                "shasum": ""
            },
            "require": {
                "php": ">=7.1",
                "psr/http-message": "^1.0 || ^2.0"
            },
            "type": "library",
            "extra": {
                "branch-alias": {
                    "dev-master": "1.0.x-dev"
                }
            },
            "autoload": {
                "psr-4": {
                    "Psr\\Http\\Message\\": "src/"
                }
            },
            "notification-url": "https://packagist.org/downloads/",
            "license": [
                "MIT"
            ],
            "authors": [
                {
                    "name": "PHP-FIG",
                    "homepage": "https://www.php-fig.org/"
                }
            ],
            "description": "PSR-17: Common interfaces for PSR-7 HTTP message factories",
            "keywords": [
                "factory",
                "http",
                "message",
                "psr",
                "psr-17",
                "psr-7",
                "request",
                "response"
            ],
            "support": {
                "source": "https://github.com/php-fig/http-factory"
            },
            "time": "2024-04-15T12:06:14+00:00"
        },
        {
            "name": "psr/http-message",
            "version": "2.0",
            "source": {
                "type": "git",
                "url": "https://github.com/php-fig/http-message.git",
                "reference": "402d35bcb92c70c026d1a6a9883f06b2ead23d71"
            },
            "dist": {
                "type": "zip",
                "url": "https://api.github.com/repos/php-fig/http-message/zipball/402d35bcb92c70c026d1a6a9883f06b2ead23d71",
                "reference": "402d35bcb92c70c026d1a6a9883f06b2ead23d71",
                "shasum": ""
            },
            "require": {
                "php": "^7.2 || ^8.0"
            },
            "type": "library",
            "extra": {
                "branch-alias": {
                    "dev-master": "2.0.x-dev"
                }
            },
            "autoload": {
                "psr-4": {
                    "Psr\\Http\\Message\\": "src/"
                }
            },
            "notification-url": "https://packagist.org/downloads/",
            "license": [
                "MIT"
            ],
            "authors": [
                {
                    "name": "PHP-FIG",
                    "homepage": "https://www.php-fig.org/"
                }
            ],
            "description": "Common interface for HTTP messages",
            "homepage": "https://github.com/php-fig/http-message",
            "keywords": [
                "http",
                "http-message",
                "psr",
                "psr-7",
                "request",
                "response"
            ],
            "support": {
                "source": "https://github.com/php-fig/http-message/tree/2.0"
            },
            "time": "2023-04-04T09:54:51+00:00"
        },
        {
            "name": "psr/http-server-handler",
            "version": "1.0.2",
            "source": {
                "type": "git",
                "url": "https://github.com/php-fig/http-server-handler.git",
                "reference": "84c4fb66179be4caaf8e97bd239203245302e7d4"
            },
            "dist": {
                "type": "zip",
                "url": "https://api.github.com/repos/php-fig/http-server-handler/zipball/84c4fb66179be4caaf8e97bd239203245302e7d4",
                "reference": "84c4fb66179be4caaf8e97bd239203245302e7d4",
                "shasum": ""
            },
            "require": {
                "php": ">=7.0",
                "psr/http-message": "^1.0 || ^2.0"
            },
            "type": "library",
            "extra": {
                "branch-alias": {
                    "dev-master": "1.0.x-dev"
                }
            },
            "autoload": {
                "psr-4": {
                    "Psr\\Http\\Server\\": "src/"
                }
            },
            "notification-url": "https://packagist.org/downloads/",
            "license": [
                "MIT"
            ],
            "authors": [
                {
                    "name": "PHP-FIG",
                    "homepage": "https://www.php-fig.org/"
                }
            ],
            "description": "Common interface for HTTP server-side request handler",
            "keywords": [
                "handler",
                "http",
                "http-interop",
                "psr",
                "psr-15",
                "psr-7",
                "request",
                "response",
                "server"
            ],
            "support": {
                "source": "https://github.com/php-fig/http-server-handler/tree/1.0.2"
            },
            "time": "2023-04-10T20:06:20+00:00"
        },
        {
            "name": "psr/http-server-middleware",
            "version": "1.0.2",
            "source": {
                "type": "git",
                "url": "https://github.com/php-fig/http-server-middleware.git",
                "reference": "c1481f747daaa6a0782775cd6a8c26a1bf4a3829"
            },
            "dist": {
                "type": "zip",
                "url": "https://api.github.com/repos/php-fig/http-server-middleware/zipball/c1481f747daaa6a0782775cd6a8c26a1bf4a3829",
                "reference": "c1481f747daaa6a0782775cd6a8c26a1bf4a3829",
                "shasum": ""
            },
            "require": {
                "php": ">=7.0",
                "psr/http-message": "^1.0 || ^2.0",
                "psr/http-server-handler": "^1.0"
            },
            "type": "library",
            "extra": {
                "branch-alias": {
                    "dev-master": "1.0.x-dev"
                }
            },
            "autoload": {
                "psr-4": {
                    "Psr\\Http\\Server\\": "src/"
                }
            },
            "notification-url": "https://packagist.org/downloads/",
            "license": [
                "MIT"
            ],
            "authors": [
                {
                    "name": "PHP-FIG",
                    "homepage": "https://www.php-fig.org/"
                }
            ],
            "description": "Common interface for HTTP server-side middleware",
            "keywords": [
                "http",
                "http-interop",
                "middleware",
                "psr",
                "psr-15",
                "psr-7",
                "request",
                "response"
            ],
            "support": {
                "issues": "https://github.com/php-fig/http-server-middleware/issues",
                "source": "https://github.com/php-fig/http-server-middleware/tree/1.0.2"
            },
            "time": "2023-04-11T06:14:47+00:00"
        },
        {
            "name": "psr/log",
            "version": "3.0.2",
            "source": {
                "type": "git",
                "url": "https://github.com/php-fig/log.git",
                "reference": "f16e1d5863e37f8d8c2a01719f5b34baa2b714d3"
            },
            "dist": {
                "type": "zip",
                "url": "https://api.github.com/repos/php-fig/log/zipball/f16e1d5863e37f8d8c2a01719f5b34baa2b714d3",
                "reference": "f16e1d5863e37f8d8c2a01719f5b34baa2b714d3",
                "shasum": ""
            },
            "require": {
                "php": ">=8.0.0"
            },
            "type": "library",
            "extra": {
                "branch-alias": {
                    "dev-master": "3.x-dev"
                }
            },
            "autoload": {
                "psr-4": {
                    "Psr\\Log\\": "src"
                }
            },
            "notification-url": "https://packagist.org/downloads/",
            "license": [
                "MIT"
            ],
            "authors": [
                {
                    "name": "PHP-FIG",
                    "homepage": "https://www.php-fig.org/"
                }
            ],
            "description": "Common interface for logging libraries",
            "homepage": "https://github.com/php-fig/log",
            "keywords": [
                "log",
                "psr",
                "psr-3"
            ],
            "support": {
                "source": "https://github.com/php-fig/log/tree/3.0.2"
            },
            "time": "2024-09-11T13:17:53+00:00"
        },
        {
            "name": "psr/simple-cache",
            "version": "3.0.0",
            "source": {
                "type": "git",
                "url": "https://github.com/php-fig/simple-cache.git",
                "reference": "764e0b3939f5ca87cb904f570ef9be2d78a07865"
            },
            "dist": {
                "type": "zip",
                "url": "https://api.github.com/repos/php-fig/simple-cache/zipball/764e0b3939f5ca87cb904f570ef9be2d78a07865",
                "reference": "764e0b3939f5ca87cb904f570ef9be2d78a07865",
                "shasum": ""
            },
            "require": {
                "php": ">=8.0.0"
            },
            "type": "library",
            "extra": {
                "branch-alias": {
                    "dev-master": "3.0.x-dev"
                }
            },
            "autoload": {
                "psr-4": {
                    "Psr\\SimpleCache\\": "src/"
                }
            },
            "notification-url": "https://packagist.org/downloads/",
            "license": [
                "MIT"
            ],
            "authors": [
                {
                    "name": "PHP-FIG",
                    "homepage": "https://www.php-fig.org/"
                }
            ],
            "description": "Common interfaces for simple caching",
            "keywords": [
                "cache",
                "caching",
                "psr",
                "psr-16",
                "simple-cache"
            ],
            "support": {
                "source": "https://github.com/php-fig/simple-cache/tree/3.0.0"
            },
            "time": "2021-10-29T13:26:27+00:00"
        },
        {
            "name": "waffle-commons/cache",
            "version": "0.1.0-beta2.1",
            "source": {
                "type": "git",
                "url": "https://github.com/waffle-commons/cache.git",
                "reference": "a827382f1f3909926db3cfa72ac3ec5d0e7cc086"
            },
            "dist": {
                "type": "zip",
                "url": "https://api.github.com/repos/waffle-commons/cache/zipball/a827382f1f3909926db3cfa72ac3ec5d0e7cc086",
                "reference": "a827382f1f3909926db3cfa72ac3ec5d0e7cc086",
                "shasum": ""
            },
            "require": {
                "php": "^8.5",
                "predis/predis": "^2.4",
                "waffle-commons/contracts": "self.version"
            },
            "require-dev": {
                "carthage-software/mago": "^1.29",
                "cyclonedx/cyclonedx-php-composer": "^6.2",
                "php-mock/php-mock-phpunit": "^2.15",
                "phpunit/phpunit": "^12.5",
                "vimeo/psalm": "^6.16"
            },
            "type": "library",
            "autoload": {
                "psr-4": {
                    "Waffle\\Commons\\Cache\\": "src/"
                }
            },
            "notification-url": "https://packagist.org/downloads/",
            "license": [
                "MIT"
            ],
            "authors": [
                {
                    "name": "Leslie Petrimaux",
                    "email": "contact@waffle-commons.cloud"
                }
            ],
            "description": "Cache component for Waffle framework.",
            "support": {
                "issues": "https://github.com/waffle-commons/cache/issues",
                "source": "https://github.com/waffle-commons/cache/tree/0.1.0-beta2.1"
            },
            "time": "2026-05-30T18:51:00+00:00"
        },
        {
            "name": "waffle-commons/config",
            "version": "0.1.0-beta2.1",
            "source": {
                "type": "git",
                "url": "https://github.com/waffle-commons/config.git",
                "reference": "03861965554bf7694e1e3613e98d918a93dd017d"
            },
            "dist": {
                "type": "zip",
                "url": "https://api.github.com/repos/waffle-commons/config/zipball/03861965554bf7694e1e3613e98d918a93dd017d",
                "reference": "03861965554bf7694e1e3613e98d918a93dd017d",
                "shasum": ""
            },
            "require": {
                "ext-yaml": "*",
                "php": "^8.5",
                "waffle-commons/contracts": "self.version"
            },
            "require-dev": {
                "carthage-software/mago": "^1.29",
                "cyclonedx/cyclonedx-php-composer": "^6.2",
                "php-mock/php-mock-phpunit": "^2.15",
                "phpunit/phpunit": "^12.5",
                "vimeo/psalm": "^6.16"
            },
            "type": "library",
            "autoload": {
                "psr-4": {
                    "Waffle\\Commons\\Config\\": "src/"
                }
            },
            "notification-url": "https://packagist.org/downloads/",
            "license": [
                "MIT"
            ],
            "authors": [
                {
                    "name": "Leslie Petrimaux",
                    "email": "contact@waffle-commons.cloud"
                }
            ],
            "description": "Config component for Waffle framework.",
            "support": {
                "issues": "https://github.com/waffle-commons/config/issues",
                "source": "https://github.com/waffle-commons/config/tree/0.1.0-beta2.1"
            },
            "time": "2026-05-30T18:53:26+00:00"
        },
        {
            "name": "waffle-commons/container",
            "version": "0.1.0-beta2.1",
            "source": {
                "type": "git",
                "url": "https://github.com/waffle-commons/container.git",
                "reference": "8a9dc8807ce409ea8ad66262e33c0c849209d133"
            },
            "dist": {
                "type": "zip",
                "url": "https://api.github.com/repos/waffle-commons/container/zipball/8a9dc8807ce409ea8ad66262e33c0c849209d133",
                "reference": "8a9dc8807ce409ea8ad66262e33c0c849209d133",
                "shasum": ""
            },
            "require": {
                "php": "^8.5",
                "psr/container": "^2.0",
                "waffle-commons/contracts": "self.version"
            },
            "require-dev": {
                "carthage-software/mago": "^1.29",
                "cyclonedx/cyclonedx-php-composer": "^6.2",
                "php-mock/php-mock-phpunit": "^2.15",
                "phpunit/phpunit": "^12.5",
                "vimeo/psalm": "^6.16"
            },
            "type": "library",
            "autoload": {
                "psr-4": {
                    "Waffle\\Commons\\Container\\": "src/"
                }
            },
            "notification-url": "https://packagist.org/downloads/",
            "license": [
                "MIT"
            ],
            "authors": [
                {
                    "name": "Leslie Petrimaux",
                    "email": "contact@waffle-commons.cloud"
                }
            ],
            "description": "Container component for Waffle framework.",
            "support": {
                "issues": "https://github.com/waffle-commons/container/issues",
                "source": "https://github.com/waffle-commons/container/tree/0.1.0-beta2.1"
            },
            "time": "2026-05-30T18:57:56+00:00"
        },
        {
            "name": "waffle-commons/contracts",
            "version": "0.1.0-beta2.1",
            "source": {
                "type": "git",
                "url": "https://github.com/waffle-commons/contracts.git",
                "reference": "7acfd0427a54b0b6908ea2c4e064f2e5526f8d5b"
            },
            "dist": {
                "type": "zip",
                "url": "https://api.github.com/repos/waffle-commons/contracts/zipball/7acfd0427a54b0b6908ea2c4e064f2e5526f8d5b",
                "reference": "7acfd0427a54b0b6908ea2c4e064f2e5526f8d5b",
                "shasum": ""
            },
            "require": {
                "php": "^8.5",
                "psr/cache": "^3.0",
                "psr/container": "^2.0",
                "psr/event-dispatcher": "^1.0",
                "psr/http-client": "^1.0",
                "psr/http-message": "^1.1 || ^2.0",
                "psr/http-server-handler": "^1.0",
                "psr/http-server-middleware": "^1.0",
                "psr/log": "^3.0",
                "psr/simple-cache": "^3.0"
            },
            "require-dev": {
                "carthage-software/mago": "^1.29",
                "cyclonedx/cyclonedx-php-composer": "^6.2",
                "php-mock/php-mock-phpunit": "^2.15",
                "phpunit/phpunit": "^12.5",
                "vimeo/psalm": "^6.16"
            },
            "type": "library",
            "autoload": {
                "psr-4": {
                    "Waffle\\Commons\\Contracts\\": "src/"
                }
            },
            "notification-url": "https://packagist.org/downloads/",
            "license": [
                "MIT"
            ],
            "authors": [
                {
                    "name": "Leslie Petrimaux",
                    "email": "contact@waffle-commons.cloud"
                }
            ],
            "description": "Contracts component for Waffle framework.",
            "support": {
                "issues": "https://github.com/waffle-commons/contracts/issues",
                "source": "https://github.com/waffle-commons/contracts/tree/0.1.0-beta2.1"
            },
            "time": "2026-05-30T18:44:28+00:00"
        },
        {
            "name": "waffle-commons/error-handler",
            "version": "0.1.0-beta2.1",
            "source": {
                "type": "git",
                "url": "https://github.com/waffle-commons/error-handler.git",
                "reference": "7b36510bf9f1689d716e252a30d084751d3d71f7"
            },
            "dist": {
                "type": "zip",
                "url": "https://api.github.com/repos/waffle-commons/error-handler/zipball/7b36510bf9f1689d716e252a30d084751d3d71f7",
                "reference": "7b36510bf9f1689d716e252a30d084751d3d71f7",
                "shasum": ""
            },
            "require": {
                "php": "^8.5",
                "psr/http-factory": "^1.1",
                "psr/http-message": "^2.0",
                "psr/log": "^3.0",
                "waffle-commons/contracts": "self.version"
            },
            "require-dev": {
                "carthage-software/mago": "^1.29",
                "cyclonedx/cyclonedx-php-composer": "^6.2",
                "php-mock/php-mock-phpunit": "^2.15",
                "phpunit/phpunit": "^12.5",
                "vimeo/psalm": "^6.16"
            },
            "type": "library",
            "autoload": {
                "psr-4": {
                    "Waffle\\Commons\\ErrorHandler\\": "src/"
                }
            },
            "notification-url": "https://packagist.org/downloads/",
            "license": [
                "MIT"
            ],
            "authors": [
                {
                    "name": "Leslie Petrimaux",
                    "email": "contact@waffle-commons.cloud"
                }
            ],
            "description": "Error-Handler component for Waffle framework.",
            "support": {
                "issues": "https://github.com/waffle-commons/error-handler/issues",
                "source": "https://github.com/waffle-commons/error-handler/tree/0.1.0-beta2.1"
            },
            "time": "2026-05-30T18:58:55+00:00"
        },
        {
            "name": "waffle-commons/http",
            "version": "0.1.0-beta2.1",
            "source": {
                "type": "git",
                "url": "https://github.com/waffle-commons/http.git",
                "reference": "ebd60bd4d5b14889a14d6c6f0687b229c669a9cb"
            },
            "dist": {
                "type": "zip",
                "url": "https://api.github.com/repos/waffle-commons/http/zipball/ebd60bd4d5b14889a14d6c6f0687b229c669a9cb",
                "reference": "ebd60bd4d5b14889a14d6c6f0687b229c669a9cb",
                "shasum": ""
            },
            "require": {
                "php": "^8.5",
                "psr/http-factory": "^1.1",
                "psr/http-message": "^2.0",
                "waffle-commons/contracts": "self.version"
            },
            "require-dev": {
                "carthage-software/mago": "^1.29",
                "cyclonedx/cyclonedx-php-composer": "^6.2",
                "php-mock/php-mock-phpunit": "^2.15",
                "phpunit/phpunit": "^12.5",
                "vimeo/psalm": "^6.16"
            },
            "type": "library",
            "autoload": {
                "psr-4": {
                    "Waffle\\Commons\\Http\\": "src/"
                }
            },
            "notification-url": "https://packagist.org/downloads/",
            "license": [
                "MIT"
            ],
            "authors": [
                {
                    "name": "Leslie Petrimaux",
                    "email": "contact@waffle-commons.cloud"
                }
            ],
            "description": "Http component for Waffle framework.",
            "support": {
                "issues": "https://github.com/waffle-commons/http/issues",
                "source": "https://github.com/waffle-commons/http/tree/0.1.0-beta2.1"
            },
            "time": "2026-05-30T19:02:52+00:00"
        },
        {
            "name": "waffle-commons/http-client",
            "version": "0.1.0-beta2.1",
            "source": {
                "type": "git",
                "url": "https://github.com/waffle-commons/http-client.git",
                "reference": "f465528c0e2dfd0bd673a5f7e32c1acde2f7f7a6"
            },
            "dist": {
                "type": "zip",
                "url": "https://api.github.com/repos/waffle-commons/http-client/zipball/f465528c0e2dfd0bd673a5f7e32c1acde2f7f7a6",
                "reference": "f465528c0e2dfd0bd673a5f7e32c1acde2f7f7a6",
                "shasum": ""
            },
            "require": {
                "ext-curl": "*",
                "php": "^8.5",
                "psr/http-client": "^1.0",
                "psr/http-factory": "^1.0",
                "psr/http-message": "^1.1 || ^2.0",
                "waffle-commons/contracts": "self.version"
            },
            "require-dev": {
                "carthage-software/mago": "^1.29",
                "cyclonedx/cyclonedx-php-composer": "^6.2",
                "nyholm/psr7": "^1.8",
                "php-mock/php-mock-phpunit": "^2.15",
                "phpunit/phpunit": "^12.5",
                "vimeo/psalm": "^6.16"
            },
            "type": "library",
            "autoload": {
                "psr-4": {
                    "Waffle\\Commons\\HttpClient\\": "src/"
                }
            },
            "notification-url": "https://packagist.org/downloads/",
            "license": [
                "MIT"
            ],
            "authors": [
                {
                    "name": "Leslie Petrimaux",
                    "email": "contact@waffle-commons.cloud"
                }
            ],
            "description": "HTTP Client component for Waffle framework.",
            "support": {
                "issues": "https://github.com/waffle-commons/http-client/issues",
                "source": "https://github.com/waffle-commons/http-client/tree/0.1.0-beta2.1"
            },
            "time": "2026-05-30T19:04:26+00:00"
        },
        {
            "name": "waffle-commons/pipeline",
            "version": "0.1.0-beta2.1",
            "source": {
                "type": "git",
                "url": "https://github.com/waffle-commons/pipeline.git",
                "reference": "99c206396a74ccca62d824c6ef45792b72f75759"
            },
            "dist": {
                "type": "zip",
                "url": "https://api.github.com/repos/waffle-commons/pipeline/zipball/99c206396a74ccca62d824c6ef45792b72f75759",
                "reference": "99c206396a74ccca62d824c6ef45792b72f75759",
                "shasum": ""
            },
            "require": {
                "php": "^8.5",
                "psr/http-server-handler": "^1.0",
                "psr/http-server-middleware": "^1.0",
                "waffle-commons/contracts": "self.version"
            },
            "require-dev": {
                "carthage-software/mago": "^1.29",
                "cyclonedx/cyclonedx-php-composer": "^6.2",
                "php-mock/php-mock-phpunit": "^2.15",
                "phpunit/phpunit": "^12.5",
                "vimeo/psalm": "^6.16"
            },
            "type": "library",
            "autoload": {
                "psr-4": {
                    "Waffle\\Commons\\Pipeline\\": "src/"
                }
            },
            "notification-url": "https://packagist.org/downloads/",
            "license": [
                "MIT"
            ],
            "authors": [
                {
                    "name": "Leslie Petrimaux",
                    "email": "contact@waffle-commons.cloud"
                }
            ],
            "description": "Pipeline component for Waffle framework.",
            "support": {
                "issues": "https://github.com/waffle-commons/pipeline/issues",
                "source": "https://github.com/waffle-commons/pipeline/tree/0.1.0-beta2.1"
            },
            "time": "2026-05-30T19:07:23+00:00"
        },
        {
            "name": "waffle-commons/routing",
            "version": "0.1.0-beta2.1",
            "source": {
                "type": "git",
                "url": "https://github.com/waffle-commons/routing.git",
                "reference": "9b6b1246cc10267019eebd7b9d4be1f295ca120d"
            },
            "dist": {
                "type": "zip",
                "url": "https://api.github.com/repos/waffle-commons/routing/zipball/9b6b1246cc10267019eebd7b9d4be1f295ca120d",
                "reference": "9b6b1246cc10267019eebd7b9d4be1f295ca120d",
                "shasum": ""
            },
            "require": {
                "php": "^8.5",
                "psr/http-message": "^2.0",
                "waffle-commons/contracts": "self.version",
                "waffle-commons/utils": "self.version"
            },
            "require-dev": {
                "carthage-software/mago": "^1.29",
                "cyclonedx/cyclonedx-php-composer": "^6.2",
                "php-mock/php-mock-phpunit": "^2.15",
                "phpunit/phpunit": "^12.5",
                "vimeo/psalm": "^6.16"
            },
            "type": "library",
            "autoload": {
                "psr-4": {
                    "Waffle\\Commons\\Routing\\": "src/"
                }
            },
            "notification-url": "https://packagist.org/downloads/",
            "license": [
                "MIT"
            ],
            "authors": [
                {
                    "name": "Leslie Petrimaux",
                    "email": "contact@waffle-commons.cloud"
                }
            ],
            "description": "Routing component for Waffle framework.",
            "support": {
                "issues": "https://github.com/waffle-commons/routing/issues",
                "source": "https://github.com/waffle-commons/routing/tree/0.1.0-beta2.1"
            },
            "time": "2026-05-30T19:09:04+00:00"
        },
        {
            "name": "waffle-commons/runtime",
            "version": "0.1.0-beta2.1",
            "source": {
                "type": "git",
                "url": "https://github.com/waffle-commons/runtime.git",
                "reference": "e408456eb00869f36218caa486362416ac38b1f3"
            },
            "dist": {
                "type": "zip",
                "url": "https://api.github.com/repos/waffle-commons/runtime/zipball/e408456eb00869f36218caa486362416ac38b1f3",
                "reference": "e408456eb00869f36218caa486362416ac38b1f3",
                "shasum": ""
            },
            "require": {
                "php": "^8.5",
                "psr/container": "^2.0",
                "psr/http-message": "^1.1 || ^2.0",
                "waffle-commons/contracts": "self.version",
                "waffle-commons/http": "self.version"
            },
            "require-dev": {
                "carthage-software/mago": "^1.29",
                "cyclonedx/cyclonedx-php-composer": "^6.2",
                "php-mock/php-mock-phpunit": "^2.15",
                "phpunit/phpunit": "^12.5",
                "vimeo/psalm": "^6.16"
            },
            "type": "library",
            "autoload": {
                "psr-4": {
                    "Waffle\\Commons\\Runtime\\": "src/"
                }
            },
            "notification-url": "https://packagist.org/downloads/",
            "license": [
                "MIT"
            ],
            "authors": [
                {
                    "name": "Leslie Petrimaux",
                    "email": "contact@waffle-commons.cloud"
                }
            ],
            "description": "Runtime component for Waffle framework.",
            "support": {
                "issues": "https://github.com/waffle-commons/runtime/issues",
                "source": "https://github.com/waffle-commons/runtime/tree/0.1.0-beta2.1"
            },
            "time": "2026-05-30T19:11:11+00:00"
        },
        {
            "name": "waffle-commons/security",
            "version": "0.1.0-beta2.1",
            "source": {
                "type": "git",
                "url": "https://github.com/waffle-commons/security.git",
                "reference": "aa352dff0b88c3846b26ec303b9a47eb2cb14279"
            },
            "dist": {
                "type": "zip",
                "url": "https://api.github.com/repos/waffle-commons/security/zipball/aa352dff0b88c3846b26ec303b9a47eb2cb14279",
                "reference": "aa352dff0b88c3846b26ec303b9a47eb2cb14279",
                "shasum": ""
            },
            "require": {
                "php": "^8.5",
                "psr/container": "^2.0",
                "psr/http-server-middleware": "^1.0",
                "psr/log": "^3.0",
                "waffle-commons/contracts": "self.version",
                "waffle-commons/utils": "self.version"
            },
            "require-dev": {
                "carthage-software/mago": "^1.29",
                "cyclonedx/cyclonedx-php-composer": "^6.2",
                "php-mock/php-mock-phpunit": "^2.15",
                "phpunit/phpunit": "^12.5",
                "vimeo/psalm": "^6.16"
            },
            "type": "library",
            "autoload": {
                "psr-4": {
                    "Waffle\\Commons\\Security\\": "src/"
                }
            },
            "notification-url": "https://packagist.org/downloads/",
            "license": [
                "MIT"
            ],
            "authors": [
                {
                    "name": "Leslie Petrimaux",
                    "email": "contact@waffle-commons.cloud"
                }
            ],
            "description": "Security component for Waffle framework.",
            "support": {
                "issues": "https://github.com/waffle-commons/security/issues",
                "source": "https://github.com/waffle-commons/security/tree/0.1.0-beta2.1"
            },
            "time": "2026-05-30T19:13:22+00:00"
        },
        {
            "name": "waffle-commons/utils",
            "version": "0.1.0-beta2.1",
            "source": {
                "type": "git",
                "url": "https://github.com/waffle-commons/utils.git",
                "reference": "434d5929dc75a62050b726ba2cb3532d680557d4"
            },
            "dist": {
                "type": "zip",
                "url": "https://api.github.com/repos/waffle-commons/utils/zipball/434d5929dc75a62050b726ba2cb3532d680557d4",
                "reference": "434d5929dc75a62050b726ba2cb3532d680557d4",
                "shasum": ""
            },
            "require": {
                "php": "^8.5",
                "waffle-commons/contracts": "self.version"
            },
            "require-dev": {
                "carthage-software/mago": "^1.29",
                "cyclonedx/cyclonedx-php-composer": "^6.2",
                "php-mock/php-mock-phpunit": "^2.15",
                "phpunit/phpunit": "^12.5",
                "vimeo/psalm": "^6.16"
            },
            "type": "library",
            "autoload": {
                "psr-4": {
                    "Waffle\\Commons\\Utils\\": "src/"
                }
            },
            "notification-url": "https://packagist.org/downloads/",
            "license": [
                "MIT"
            ],
            "authors": [
                {
                    "name": "Leslie Petrimaux",
                    "email": "contact@waffle-commons.cloud"
                }
            ],
            "description": "Utils component for Waffle framework.",
            "support": {
                "issues": "https://github.com/waffle-commons/utils/issues",
                "source": "https://github.com/waffle-commons/utils/tree/0.1.0-beta2.1"
            },
            "time": "2026-05-30T18:48:59+00:00"
        },
        {
            "name": "waffle-commons/waffle",
            "version": "0.1.0-beta2.1",
            "source": {
                "type": "git",
                "url": "https://github.com/waffle-commons/waffle.git",
                "reference": "a83168961bd4a82e0a4666379e4c1a1ffa222e53"
            },
            "dist": {
                "type": "zip",
                "url": "https://api.github.com/repos/waffle-commons/waffle/zipball/a83168961bd4a82e0a4666379e4c1a1ffa222e53",
                "reference": "a83168961bd4a82e0a4666379e4c1a1ffa222e53",
                "shasum": ""
            },
            "require": {
                "php": "^8.5",
                "psr/cache": "^3.0",
                "psr/container": "^2.0",
                "psr/event-dispatcher": "^1.0",
                "psr/http-message": "^1.1 || ^2.0",
                "psr/http-server-handler": "^1.0",
                "psr/http-server-middleware": "^1.0",
                "psr/log": "^3.0",
                "waffle-commons/contracts": "self.version",
                "waffle-commons/utils": "self.version"
            },
            "require-dev": {
                "carthage-software/mago": "^1.29",
                "cyclonedx/cyclonedx-php-composer": "^6.2",
                "php-mock/php-mock-phpunit": "^2.15",
                "phpunit/phpunit": "^12.5",
                "vimeo/psalm": "^6.16"
            },
            "type": "library",
            "autoload": {
                "psr-4": {
                    "Waffle\\": "src/"
                }
            },
            "notification-url": "https://packagist.org/downloads/",
            "license": [
                "MIT"
            ],
            "authors": [
                {
                    "name": "Leslie Petrimaux",
                    "email": "contact@waffle-commons.cloud"
                }
            ],
            "description": "A modern, minimalist, and security-focused PHP micro-framework.",
            "support": {
                "issues": "https://github.com/waffle-commons/waffle/issues",
                "source": "https://github.com/waffle-commons/waffle/tree/0.1.0-beta2.1"
            },
            "time": "2026-05-30T19:14:49+00:00"
        }
    ],
    "packages-dev": [],
    "aliases": [],
    "minimum-stability": "beta",
    "stability-flags": {
        "waffle-commons/cache": 10,
        "waffle-commons/config": 10,
        "waffle-commons/container": 10,
        "waffle-commons/contracts": 10,
        "waffle-commons/error-handler": 10,
        "waffle-commons/http": 10,
        "waffle-commons/http-client": 10,
        "waffle-commons/pipeline": 10,
        "waffle-commons/routing": 10,
        "waffle-commons/runtime": 10,
        "waffle-commons/security": 10,
        "waffle-commons/waffle": 10
    },
    "prefer-stable": false,
    "prefer-lowest": false,
    "platform": {},
    "platform-dev": {},
    "plugin-api-version": "2.9.0"
}
